
Microsoft Visual Studio Solution File, Format Version 12.00
# Visual Studio Version 17
VisualStudioVersion = 17.5.002.0
MinimumVisualStudioVersion = 10.0.40219.1
Project("{9A19103F-16F7-4668-BE54-9A1E7A4F7556}") = "BoletimEscolar", "BoletimEscolar.csproj", "{BEE9D1C0-7F70-4735-97F7-FDD98B84470F}"
EndProject
Global
	GlobalSection(SolutionConfigurationPlatforms) = preSolution
		Debug|Any CPU = Debug|Any CPU
		Release|Any CPU = Release|Any CPU
	EndGlobalSection
	GlobalSection(ProjectConfigurationPlatforms) = postSolution
		{BEE9D1C0-7F70-4735-97F7-FDD98B84470F}.Debug|Any CPU.ActiveCfg = Debug|Any CPU
		{BEE9D1C0-7F70-4735-97F7-FDD98B84470F}.Debug|Any CPU.Build.0 = Debug|Any CPU
		{BEE9D1C0-7F70-4735-97F7-FDD98B84470F}.Release|Any CPU.ActiveCfg = Release|Any CPU
		{BEE9D1C0-7F70-4735-97F7-FDD98B84470F}.Release|Any CPU.Build.0 = Release|Any CPU
	EndGlobalSection
	GlobalSection(SolutionProperties) = preSolution
		HideSolutionNode = FALSE
	EndGlobalSection
	GlobalSection(ExtensibilityGlobals) = postSolution
		SolutionGuid = {1042B0E4-ED8C-4975-AC11-DC471C818832}
	EndGlobalSection
EndGlobal
